
Microsoft Visual Studio Solution File, Format Version 12.00
# Visual Studio Version 17
VisualStudioVersion = 17.1.32228.430
MinimumVisualStudioVersion = 10.0.40219.1
Project("{2150E333-8FDC-42A3-9474-1A3956D46DE8}") = "BusinessLogicLayer", "BusinessLogicLayer", "{3B482153-2EF0-41FF-B986-62FFA57B7B8A}"
EndProject
Project("{2150E333-8FDC-42A3-9474-1A3956D46DE8}") = "DataAccessLayer", "DataAccessLayer", "{7202C34B-5F1D-44F3-A473-5ECC3FE016FA}"
EndProject
Project("{2150E333-8FDC-42A3-9474-1A3956D46DE8}") = "PresentationLayer", "PresentationLayer", "{9FB223C4-78EF-475E-AB66-1C9EA1FFCE81}"
EndProject
Project("{2150E333-8FDC-42A3-9474-1A3956D46DE8}") = "Common", "Common", "{35E572D1-5739-4548-9AB3-22D7C9E136C7}"
EndProject
Project("{9A19103F-16F7-4668-BE54-9A1E7A4F7556}") = "Note.IDAL", "Note.IDAL\Note.IDAL.csproj", "{451ED691-FD02-4DA6-8DD7-61D83949D5BC}"
EndProject
Project("{9A19103F-16F7-4668-BE54-9A1E7A4F7556}") = "Note.DAL", "Note.DAL\Note.DAL.csproj", "{3BFF15AA-BC4A-4B36-A63D-6085658D119B}"
EndProject
Project("{9A19103F-16F7-4668-BE54-9A1E7A4F7556}") = "Note.Model", "Note.Model\Note.Model.csproj", "{30EAFB22-8A4B-4DAA-975F-93943FBCF801}"
EndProject
Project("{9A19103F-16F7-4668-BE54-9A1E7A4F7556}") = "Note.BLL", "Note.BLL\Note.BLL.csproj", "{090B11A7-990C-4B4C-978A-DFC9395DF9BE}"
EndProject
Project("{9A19103F-16F7-4668-BE54-9A1E7A4F7556}") = "Note.MVC", "Note.MVC\Note.MVC.csproj", "{62E2615F-A5A3-4AED-A4B3-7B9472C5CED9}"
EndProject
Project("{FAE04EC0-301F-11D3-BF4B-00C04F79EFBC}") = "Note.ViewModel", "Note.ViewModel\Note.ViewModel.csproj", "{FECEE3CE-13B3-4A19-A946-F895FE1F42FC}"
EndProject
Global
	GlobalSection(SolutionConfigurationPlatforms) = preSolution
		Debug|Any CPU = Debug|Any CPU
		Release|Any CPU = Release|Any CPU
	EndGlobalSection
	GlobalSection(ProjectConfigurationPlatforms) = postSolution
		{451ED691-FD02-4DA6-8DD7-61D83949D5BC}.Debug|Any CPU.ActiveCfg = Debug|Any CPU
		{451ED691-FD02-4DA6-8DD7-61D83949D5BC}.Debug|Any CPU.Build.0 = Debug|Any CPU
		{451ED691-FD02-4DA6-8DD7-61D83949D5BC}.Release|Any CPU.ActiveCfg = Release|Any CPU
		{451ED691-FD02-4DA6-8DD7-61D83949D5BC}.Release|Any CPU.Build.0 = Release|Any CPU
		{3BFF15AA-BC4A-4B36-A63D-6085658D119B}.Debug|Any CPU.ActiveCfg = Debug|Any CPU
		{3BFF15AA-BC4A-4B36-A63D-6085658D119B}.Debug|Any CPU.Build.0 = Debug|Any CPU
		{3BFF15AA-BC4A-4B36-A63D-6085658D119B}.Release|Any CPU.ActiveCfg = Release|Any CPU
		{3BFF15AA-BC4A-4B36-A63D-6085658D119B}.Release|Any CPU.Build.0 = Release|Any CPU
		{30EAFB22-8A4B-4DAA-975F-93943FBCF801}.Debug|Any CPU.ActiveCfg = Debug|Any CPU
		{30EAFB22-8A4B-4DAA-975F-93943FBCF801}.Debug|Any CPU.Build.0 = Debug|Any CPU
		{30EAFB22-8A4B-4DAA-975F-93943FBCF801}.Release|Any CPU.ActiveCfg = Release|Any CPU
		{30EAFB22-8A4B-4DAA-975F-93943FBCF801}.Release|Any CPU.Build.0 = Release|Any CPU
		{090B11A7-990C-4B4C-978A-DFC9395DF9BE}.Debug|Any CPU.ActiveCfg = Debug|Any CPU
		{090B11A7-990C-4B4C-978A-DFC9395DF9BE}.Debug|Any CPU.Build.0 = Debug|Any CPU
		{090B11A7-990C-4B4C-978A-DFC9395DF9BE}.Release|Any CPU.ActiveCfg = Release|Any CPU
		{090B11A7-990C-4B4C-978A-DFC9395DF9BE}.Release|Any CPU.Build.0 = Release|Any CPU
		{62E2615F-A5A3-4AED-A4B3-7B9472C5CED9}.Debug|Any CPU.ActiveCfg = Debug|Any CPU
		{62E2615F-A5A3-4AED-A4B3-7B9472C5CED9}.Debug|Any CPU.Build.0 = Debug|Any CPU
		{62E2615F-A5A3-4AED-A4B3-7B9472C5CED9}.Release|Any CPU.ActiveCfg = Release|Any CPU
		{62E2615F-A5A3-4AED-A4B3-7B9472C5CED9}.Release|Any CPU.Build.0 = Release|Any CPU
		{FECEE3CE-13B3-4A19-A946-F895FE1F42FC}.Debug|Any CPU.ActiveCfg = Debug|Any CPU
		{FECEE3CE-13B3-4A19-A946-F895FE1F42FC}.Debug|Any CPU.Build.0 = Debug|Any CPU
		{FECEE3CE-13B3-4A19-A946-F895FE1F42FC}.Release|Any CPU.ActiveCfg = Release|Any CPU
		{FECEE3CE-13B3-4A19-A946-F895FE1F42FC}.Release|Any CPU.Build.0 = Release|Any CPU
	EndGlobalSection
	GlobalSection(SolutionProperties) = preSolution
		HideSolutionNode = FALSE
	EndGlobalSection
	GlobalSection(NestedProjects) = preSolution
		{451ED691-FD02-4DA6-8DD7-61D83949D5BC} = {7202C34B-5F1D-44F3-A473-5ECC3FE016FA}
		{3BFF15AA-BC4A-4B36-A63D-6085658D119B} = {7202C34B-5F1D-44F3-A473-5ECC3FE016FA}
		{30EAFB22-8A4B-4DAA-975F-93943FBCF801} = {35E572D1-5739-4548-9AB3-22D7C9E136C7}
		{090B11A7-990C-4B4C-978A-DFC9395DF9BE} = {3B482153-2EF0-41FF-B986-62FFA57B7B8A}
		{62E2615F-A5A3-4AED-A4B3-7B9472C5CED9} = {9FB223C4-78EF-475E-AB66-1C9EA1FFCE81}
		{FECEE3CE-13B3-4A19-A946-F895FE1F42FC} = {3B482153-2EF0-41FF-B986-62FFA57B7B8A}
	EndGlobalSection
	GlobalSection(ExtensibilityGlobals) = postSolution
		SolutionGuid = {F1D0F30A-9BD3-4242-A9F1-B6FCC74ED142}
	EndGlobalSection
EndGlobal
